
Microsoft Visual Studio Solution File, Format Version 12.00
Project("{FAE04EC0-301F-11D3-BF4B-00C04F79EFBC}") = "System.Net.Helpers", "System.Net.Helpers\System.Net.Helpers.csproj", "{148E85B2-11CC-4FE7-AA3B-ECE0C030AB93}"
EndProject
Global
	GlobalSection(SolutionConfigurationPlatforms) = preSolution
		Debug|Any CPU = Debug|Any CPU
		Release|Any CPU = Release|Any CPU
	EndGlobalSection
	GlobalSection(ProjectConfigurationPlatforms) = postSolution
		{148E85B2-11CC-4FE7-AA3B-ECE0C030AB93}.Debug|Any CPU.ActiveCfg = Debug|Any CPU
		{148E85B2-11CC-4FE7-AA3B-ECE0C030AB93}.Debug|Any CPU.Build.0 = Debug|Any CPU
		{148E85B2-11CC-4FE7-AA3B-ECE0C030AB93}.Release|Any CPU.ActiveCfg = Release|Any CPU
		{148E85B2-11CC-4FE7-AA3B-ECE0C030AB93}.Release|Any CPU.Build.0 = Release|Any CPU
	EndGlobalSection
EndGlobal
